
Microsoft Visual Studio Solution File, Format Version 12.00
# Visual Studio Version 17
VisualStudioVersion = 17.2.32516.85
MinimumVisualStudioVersion = 10.0.40219.1
Project("{FAE04EC0-301F-11D3-BF4B-00C04F79EFBC}") = "ConsoleBank", "ConsoleBank\ConsoleBank.csproj", "{B851C68E-BCBE-4FE3-8724-0A115E59B92C}"
EndProject
Project("{9A19103F-16F7-4668-BE54-9A1E7A4F7556}") = "CBLClientPart", "..\CBLClientPart\CBLClientPart\CBLClientPart.csproj", "{FBCFDCC5-799B-4CE9-893F-7EC2A4DBB3C2}"
EndProject
Project("{9A19103F-16F7-4668-BE54-9A1E7A4F7556}") = "CBLAdminPart", "..\CBLAdminPart\CBLAdminPart\CBLAdminPart.csproj", "{C2ED02A2-0E2C-4DB7-A6A3-81D0428C3439}"
EndProject
Global
	GlobalSection(SolutionConfigurationPlatforms) = preSolution
		Debug|Any CPU = Debug|Any CPU
		Release|Any CPU = Release|Any CPU
	EndGlobalSection
	GlobalSection(ProjectConfigurationPlatforms) = postSolution
		{B851C68E-BCBE-4FE3-8724-0A115E59B92C}.Debug|Any CPU.ActiveCfg = Debug|Any CPU
		{B851C68E-BCBE-4FE3-8724-0A115E59B92C}.Debug|Any CPU.Build.0 = Debug|Any CPU
		{B851C68E-BCBE-4FE3-8724-0A115E59B92C}.Release|Any CPU.ActiveCfg = Release|Any CPU
		{B851C68E-BCBE-4FE3-8724-0A115E59B92C}.Release|Any CPU.Build.0 = Release|Any CPU
		{FBCFDCC5-799B-4CE9-893F-7EC2A4DBB3C2}.Debug|Any CPU.ActiveCfg = Debug|Any CPU
		{FBCFDCC5-799B-4CE9-893F-7EC2A4DBB3C2}.Debug|Any CPU.Build.0 = Debug|Any CPU
		{FBCFDCC5-799B-4CE9-893F-7EC2A4DBB3C2}.Release|Any CPU.ActiveCfg = Release|Any CPU
		{FBCFDCC5-799B-4CE9-893F-7EC2A4DBB3C2}.Release|Any CPU.Build.0 = Release|Any CPU
		{C2ED02A2-0E2C-4DB7-A6A3-81D0428C3439}.Debug|Any CPU.ActiveCfg = Debug|Any CPU
		{C2ED02A2-0E2C-4DB7-A6A3-81D0428C3439}.Debug|Any CPU.Build.0 = Debug|Any CPU
		{C2ED02A2-0E2C-4DB7-A6A3-81D0428C3439}.Release|Any CPU.ActiveCfg = Release|Any CPU
		{C2ED02A2-0E2C-4DB7-A6A3-81D0428C3439}.Release|Any CPU.Build.0 = Release|Any CPU
	EndGlobalSection
	GlobalSection(SolutionProperties) = preSolution
		HideSolutionNode = FALSE
	EndGlobalSection
	GlobalSection(ExtensibilityGlobals) = postSolution
		SolutionGuid = {7B60651D-6339-4EDC-8581-0665044105A7}
	EndGlobalSection
EndGlobal
